
Microsoft Visual Studio Solution File, Format Version 12.00
# Visual Studio 15
VisualStudioVersion = 15.0.28307.1525
MinimumVisualStudioVersion = 10.0.40219.1
Project("{FAE04EC0-301F-11D3-BF4B-00C04F79EFBC}") = "FahrkartenautomatUi", "FahrkartenautomatUi\FahrkartenautomatUi.csproj", "{C022F149-ECAD-40CA-9B11-E2C09780CE5C}"
EndProject
Global
	GlobalSection(SolutionConfigurationPlatforms) = preSolution
		Debug|Any CPU = Debug|Any CPU
		Release|Any CPU = Release|Any CPU
	EndGlobalSection
	GlobalSection(ProjectConfigurationPlatforms) = postSolution
		{C022F149-ECAD-40CA-9B11-E2C09780CE5C}.Debug|Any CPU.ActiveCfg = Debug|Any CPU
		{C022F149-ECAD-40CA-9B11-E2C09780CE5C}.Debug|Any CPU.Build.0 = Debug|Any CPU
		{C022F149-ECAD-40CA-9B11-E2C09780CE5C}.Release|Any CPU.ActiveCfg = Release|Any CPU
		{C022F149-ECAD-40CA-9B11-E2C09780CE5C}.Release|Any CPU.Build.0 = Release|Any CPU
	EndGlobalSection
	GlobalSection(SolutionProperties) = preSolution
		HideSolutionNode = FALSE
	EndGlobalSection
	GlobalSection(ExtensibilityGlobals) = postSolution
		SolutionGuid = {B61FEA32-5B6B-476C-97CB-7FEA2C28F3C0}
	EndGlobalSection
EndGlobal
